
Microsoft Visual Studio Solution File, Format Version 12.00
# Visual Studio 15
Project("{FAE04EC0-301F-11D3-BF4B-00C04F79EFBC}") = "OOPBruchrechner_Kroll", "OOPBruchrechner_Kroll\OOPBruchrechner_Kroll.csproj", "{07DC847C-0FFE-470D-9B31-C30E53195356}"
EndProject
Global
	GlobalSection(SolutionConfigurationPlatforms) = preSolution
		Debug|x86 = Debug|x86
		Release|x86 = Release|x86
	EndGlobalSection
	GlobalSection(ProjectConfigurationPlatforms) = postSolution
		{07DC847C-0FFE-470D-9B31-C30E53195356}.Debug|x86.ActiveCfg = Debug|x86
		{07DC847C-0FFE-470D-9B31-C30E53195356}.Debug|x86.Build.0 = Debug|x86
		{07DC847C-0FFE-470D-9B31-C30E53195356}.Release|x86.ActiveCfg = Release|x86
		{07DC847C-0FFE-470D-9B31-C30E53195356}.Release|x86.Build.0 = Release|x86
	EndGlobalSection
EndGlobal
